
Microsoft Visual Studio Solution File, Format Version 12.00
# Visual Studio Version 17
VisualStudioVersion = 17.13.35825.156 d17.13
MinimumVisualStudioVersion = 10.0.40219.1
Project("{FAE04EC0-301F-11D3-BF4B-00C04F79EFBC}") = "DCMS", "DCMS\DCMS.csproj", "{769BE3FC-AD9F-4F21-A198-A79C03EFEC5A}"
EndProject
Global
	GlobalSection(SolutionConfigurationPlatforms) = preSolution
		Debug|Any CPU = Debug|Any CPU
		Release|Any CPU = Release|Any CPU
	EndGlobalSection
	GlobalSection(ProjectConfigurationPlatforms) = postSolution
		{769BE3FC-AD9F-4F21-A198-A79C03EFEC5A}.Debug|Any CPU.ActiveCfg = Debug|Any CPU
		{769BE3FC-AD9F-4F21-A198-A79C03EFEC5A}.Debug|Any CPU.Build.0 = Debug|Any CPU
		{769BE3FC-AD9F-4F21-A198-A79C03EFEC5A}.Release|Any CPU.ActiveCfg = Release|Any CPU
		{769BE3FC-AD9F-4F21-A198-A79C03EFEC5A}.Release|Any CPU.Build.0 = Release|Any CPU
	EndGlobalSection
	GlobalSection(SolutionProperties) = preSolution
		HideSolutionNode = FALSE
	EndGlobalSection
	GlobalSection(ExtensibilityGlobals) = postSolution
		SolutionGuid = {E303ECC2-9C4A-453F-AF26-9A9FDEE04D53}
	EndGlobalSection
EndGlobal
